
Microsoft Visual Studio Solution File, Format Version 12.00
# Visual Studio Version 17
VisualStudioVersion = 17.5.33627.172
MinimumVisualStudioVersion = 10.0.40219.1
Project("{FAE04EC0-301F-11D3-BF4B-00C04F79EFBC}") = "State", "State.csproj", "{110C26F3-656D-497E-882C-9013AE02856B}"
EndProject
Global
	GlobalSection(SolutionConfigurationPlatforms) = preSolution
		Debug|Any CPU = Debug|Any CPU
		Release|Any CPU = Release|Any CPU
	EndGlobalSection
	GlobalSection(ProjectConfigurationPlatforms) = postSolution
		{110C26F3-656D-497E-882C-9013AE02856B}.Debug|Any CPU.ActiveCfg = Debug|Any CPU
		{110C26F3-656D-497E-882C-9013AE02856B}.Debug|Any CPU.Build.0 = Debug|Any CPU
		{110C26F3-656D-497E-882C-9013AE02856B}.Release|Any CPU.ActiveCfg = Release|Any CPU
		{110C26F3-656D-497E-882C-9013AE02856B}.Release|Any CPU.Build.0 = Release|Any CPU
	EndGlobalSection
	GlobalSection(SolutionProperties) = preSolution
		HideSolutionNode = FALSE
	EndGlobalSection
	GlobalSection(ExtensibilityGlobals) = postSolution
		SolutionGuid = {2DE75605-8CA2-463A-919E-13A3C52B34BF}
	EndGlobalSection
EndGlobal
